// !$*UTF8*$!
{
	archiveVersion = 1;
	classes = {
	};
	objectVersion = 77;
	objects = {

/* Begin PBXContainerItemProxy section */
		84684E692D9AB06100011783 /* PBXContainerItemProxy */ = {
			isa = PBXContainerItemProxy;
			containerPortal = 84684E4A2D9AB05E00011783 /* Project object */;
			proxyType = 1;
			remoteGlobalIDString = 84684E512D9AB05E00011783;
			remoteInfo = "To-Do-Test";
		};
		84684E732D9AB06100011783 /* PBXContainerItemProxy */ = {
			isa = PBXContainerItemProxy;
			containerPortal = 84684E4A2D9AB05E00011783 /* Project object */;
			proxyType = 1;
			remoteGlobalIDString = 84684E512D9AB05E00011783;
			remoteInfo = "To-Do-Test";
		};
/* End PBXContainerItemProxy section */

/* Begin PBXFileReference section */
		84684E522D9AB05E00011783 /* To-Do-Test.app */ = {isa = PBXFileReference; explicitFileType = wrapper.application; includeInIndex = 0; path = "To-Do-Test.app"; sourceTree = BUILT_PRODUCTS_DIR; };
		84684E682D9AB06100011783 /* To-Do-TestTests.xctest */ = {isa = PBXFileReference; explicitFileType = wrapper.cfbundle; includeInIndex = 0; path = "To-Do-TestTests.xctest"; sourceTree = BUILT_PRODUCTS_DIR; };
		84684E722D9AB06100011783 /* To-Do-TestUITests.xctest */ = {isa = PBXFileReference; explicitFileType = wrapper.cfbundle; includeInIndex = 0; path = "To-Do-TestUITests.xctest"; sourceTree = BUILT_PRODUCTS_DIR; };
/* End PBXFileReference section */

/* Begin PBXFileSystemSynchronizedBuildFileExceptionSet section */
		84684E7A2D9AB06100011783 /* Exceptions for "To-Do-Test" folder in "To-Do-Test" target */ = {
			isa = PBXFileSystemSynchronizedBuildFileExceptionSet;
			membershipExceptions = (
				Info.plist,
			);
			target = 84684E512D9AB05E00011783 /* To-Do-Test */;
		};
/* End PBXFileSystemSynchronizedBuildFileExceptionSet section */

/* Begin PBXFileSystemSynchronizedRootGroup section */
		84684E542D9AB05E00011783 /* To-Do-Test */ = {
			isa = PBXFileSystemSynchronizedRootGroup;
			exceptions = (
				84684E7A2D9AB06100011783 /* Exceptions for "To-Do-Test" folder in "To-Do-Test" target */,
			);
			path = "To-Do-Test";
			sourceTree = "<group>";
		};
		84684E6B2D9AB06100011783 /* To-Do-TestTests */ = {
			isa = PBXFileSystemSynchronizedRootGroup;
			path = "To-Do-TestTests";
			sourceTree = "<group>";
		};
		84684E752D9AB06100011783 /* To-Do-TestUITests */ = {
			isa = PBXFileSystemSynchronizedRootGroup;
			path = "To-Do-TestUITests";
			sourceTree = "<group>";
		};
/* End PBXFileSystemSynchronizedRootGroup section */

/* Begin PBXFrameworksBuildPhase section */
		84684E4F2D9AB05E00011783 /* Frameworks */ = {
			isa = PBXFrameworksBuildPhase;
			buildActionMask = 2147483647;
			files = (
			);
			runOnlyForDeploymentPostprocessing = 0;
		};
		84684E652D9AB06100011783 /* Frameworks */ = {
			isa = PBXFrameworksBuildPhase;
			buildActionMask = 2147483647;
			files = (
			);
			runOnlyForDeploymentPostprocessing = 0;
		};
		84684E6F2D9AB06100011783 /* Frameworks */ = {
			isa = PBXFrameworksBuildPhase;
			buildActionMask = 2147483647;
			files = (
			);
			runOnlyForDeploymentPostprocessing = 0;
		};
/* End PBXFrameworksBuildPhase section */

/* Begin PBXGroup section */
		84684E492D9AB05E00011783 = {
			isa = PBXGroup;
			children = (
				84684E542D9AB05E00011783 /* To-Do-Test */,
				84684E6B2D9AB06100011783 /* To-Do-TestTests */,
				84684E752D9AB06100011783 /* To-Do-TestUITests */,
				84684E532D9AB05E00011783 /* Products */,
			);
			sourceTree = "<group>";
		};
		84684E532D9AB05E00011783 /* Products */ = {
			isa = PBXGroup;
			children = (
				84684E522D9AB05E00011783 /* To-Do-Test.app */,
				84684E682D9AB06100011783 /* To-Do-TestTests.xctest */,
				84684E722D9AB06100011783 /* To-Do-TestUITests.xctest */,
			);
			name = Products;
			sourceTree = "<group>";
		};
/* End PBXGroup section */

/* Begin PBXNativeTarget section */
		84684E512D9AB05E00011783 /* To-Do-Test */ = {
			isa = PBXNativeTarget;
			buildConfigurationList = 84684E7B2D9AB06100011783 /* Build configuration list for PBXNativeTarget "To-Do-Test" */;
			buildPhases = (
				84684E4E2D9AB05E00011783 /* Sources */,
				84684E4F2D9AB05E00011783 /* Frameworks */,
				84684E502D9AB05E00011783 /* Resources */,
			);
			buildRules = (
			);
			dependencies = (
			);
			fileSystemSynchronizedGroups = (
				84684E542D9AB05E00011783 /* To-Do-Test */,
			);
			name = "To-Do-Test";
			packageProductDependencies = (
			);
			productName = "To-Do-Test";
			productReference = 84684E522D9AB05E00011783 /* To-Do-Test.app */;
			productType = "com.apple.product-type.application";
		};
		84684E672D9AB06100011783 /* To-Do-TestTests */ = {
			isa = PBXNativeTarget;
			buildConfigurationList = 84684E802D9AB06100011783 /* Build configuration list for PBXNativeTarget "To-Do-TestTests" */;
			buildPhases = (
				84684E642D9AB06100011783 /* Sources */,
				84684E652D9AB06100011783 /* Frameworks */,
				84684E662D9AB06100011783 /* Resources */,
			);
			buildRules = (
			);
			dependencies = (
				84684E6A2D9AB06100011783 /* PBXTargetDependency */,
			);
			fileSystemSynchronizedGroups = (
				84684E6B2D9AB06100011783 /* To-Do-TestTests */,
			);
			name = "To-Do-TestTests";
			packageProductDependencies = (
			);
			productName = "To-Do-TestTests";
			productReference = 84684E682D9AB06100011783 /* To-Do-TestTests.xctest */;
			productType = "com.apple.product-type.bundle.unit-test";
		};
		84684E712D9AB06100011783 /* To-Do-TestUITests */ = {
			isa = PBXNativeTarget;
			buildConfigurationList = 84684E832D9AB06100011783 /* Build configuration list for PBXNativeTarget "To-Do-TestUITests" */;
			buildPhases = (
				84684E6E2D9AB06100011783 /* Sources */,
				84684E6F2D9AB06100011783 /* Frameworks */,
				84684E702D9AB06100011783 /* Resources */,
			);
			buildRules = (
			);
			dependencies = (
				84684E742D9AB06100011783 /* PBXTargetDependency */,
			);
			fileSystemSynchronizedGroups = (
				84684E752D9AB06100011783 /* To-Do-TestUITests */,
			);
			name = "To-Do-TestUITests";
			packageProductDependencies = (
			);
			productName = "To-Do-TestUITests";
			productReference = 84684E722D9AB06100011783 /* To-Do-TestUITests.xctest */;
			productType = "com.apple.product-type.bundle.ui-testing";
		};
/* End PBXNativeTarget section */

/* Begin PBXProject section */
		84684E4A2D9AB05E00011783 /* Project object */ = {
			isa = PBXProject;
			attributes = {
				BuildIndependentTargetsInParallel = 1;
				LastSwiftUpdateCheck = 1610;
				LastUpgradeCheck = 1610;
				TargetAttributes = {
					84684E512D9AB05E00011783 = {
						CreatedOnToolsVersion = 16.1;
					};
					84684E672D9AB06100011783 = {
						CreatedOnToolsVersion = 16.1;
						TestTargetID = 84684E512D9AB05E00011783;
					};
					84684E712D9AB06100011783 = {
						CreatedOnToolsVersion = 16.1;
						TestTargetID = 84684E512D9AB05E00011783;
					};
				};
			};
			buildConfigurationList = 84684E4D2D9AB05E00011783 /* Build configuration list for PBXProject "To-Do-Test" */;
			developmentRegion = en;
			hasScannedForEncodings = 0;
			knownRegions = (
				en,
				Base,
			);
			mainGroup = 84684E492D9AB05E00011783;
			minimizedProjectReferenceProxies = 1;
			preferredProjectObjectVersion = 77;
			productRefGroup = 84684E532D9AB05E00011783 /* Products */;
			projectDirPath = "";
			projectRoot = "";
			targets = (
				84684E512D9AB05E00011783 /* To-Do-Test */,
				84684E672D9AB06100011783 /* To-Do-TestTests */,
				84684E712D9AB06100011783 /* To-Do-TestUITests */,
			);
		};
/* End PBXProject section */

/* Begin PBXResourcesBuildPhase section */
		84684E502D9AB05E00011783 /* Resources */ = {
			isa = PBXResourcesBuildPhase;
			buildActionMask = 2147483647;
			files = (
			);
			runOnlyForDeploymentPostprocessing = 0;
		};
		84684E662D9AB06100011783 /* Resources */ = {
			isa = PBXResourcesBuildPhase;
			buildActionMask = 2147483647;
			files = (
			);
			runOnlyForDeploymentPostprocessing = 0;
		};
		84684E702D9AB06100011783 /* Resources */ = {
			isa = PBXResourcesBuildPhase;
			buildActionMask = 2147483647;
			files = (
			);
			runOnlyForDeploymentPostprocessing = 0;
		};
/* End PBXResourcesBuildPhase section */

/* Begin PBXSourcesBuildPhase section */
		84684E4E2D9AB05E00011783 /* Sources */ = {
			isa = PBXSourcesBuildPhase;
			buildActionMask = 2147483647;
			files = (
			);
			runOnlyForDeploymentPostprocessing = 0;
		};
		84684E642D9AB06100011783 /* Sources */ = {
			isa = PBXSourcesBuildPhase;
			buildActionMask = 2147483647;
			files = (
			);
			runOnlyForDeploymentPostprocessing = 0;
		};
		84684E6E2D9AB06100011783 /* Sources */ = {
			isa = PBXSourcesBuildPhase;
			buildActionMask = 2147483647;
			files = (
			);
			runOnlyForDeploymentPostprocessing = 0;
		};
/* End PBXSourcesBuildPhase section */

/* Begin PBXTargetDependency section */
		84684E6A2D9AB06100011783 /* PBXTargetDependency */ = {
			isa = PBXTargetDependency;
			target = 84684E512D9AB05E00011783 /* To-Do-Test */;
			targetProxy = 84684E692D9AB06100011783 /* PBXContainerItemProxy */;
		};
		84684E742D9AB06100011783 /* PBXTargetDependency */ = {
			isa = PBXTargetDependency;
			target = 84684E512D9AB05E00011783 /* To-Do-Test */;
			targetProxy = 84684E732D9AB06100011783 /* PBXContainerItemProxy */;
		};
/* End PBXTargetDependency section */

/* Begin XCBuildConfiguration section */
		84684E7C2D9AB06100011783 /* Debug */ = {
			isa = XCBuildConfiguration;
			buildSettings = {
				ASSETCATALOG_COMPILER_APPICON_NAME = AppIcon;
				ASSETCATALOG_COMPILER_GLOBAL_ACCENT_COLOR_NAME = AccentColor;
				CODE_SIGN_STYLE = Automatic;
				CURRENT_PROJECT_VERSION = 1;
				DEVELOPMENT_TEAM = DV2KL8GXVB;
				GENERATE_INFOPLIST_FILE = YES;
				INFOPLIST_FILE = "To-Do-Test/Info.plist";
				INFOPLIST_KEY_UIApplicationSupportsIndirectInputEvents = YES;
				INFOPLIST_KEY_UILaunchStoryboardName = LaunchScreen;
				INFOPLIST_KEY_UIMainStoryboardFile = Main;
				INFOPLIST_KEY_UISupportedInterfaceOrientations_iPad = "UIInterfaceOrientationPortrait UIInterfaceOrientationPortraitUpsideDown UIInterfaceOrientationLandscapeLeft UIInterfaceOrientationLandscapeRight";
				INFOPLIST_KEY_UISupportedInterfaceOrientations_iPhone = "UIInterfaceOrientationPortrait UIInterfaceOrientationLandscapeLeft UIInterfaceOrientationLandscapeRight";
				LD_RUNPATH_SEARCH_PATHS = (
					"$(inherited)",
					"@executable_path/Frameworks",
				);
				MARKETING_VERSION = 1.0;
				PRODUCT_BUNDLE_IDENTIFIER = "com.sloniklm.To-Do-Test";
				PRODUCT_NAME = "$(TARGET_NAME)";
				SWIFT_EMIT_LOC_STRINGS = YES;
				SWIFT_VERSION = 5.0;
				TARGETED_DEVICE_FAMILY = "1,2";
			};
			name = Debug;
		};
		84684E7D2D9AB06100011783 /* Release */ = {
			isa = XCBuildConfiguration;
			buildSettings = {
				ASSETCATALOG_COMPILER_APPICON_NAME = AppIcon;
				ASSETCATALOG_COMPILER_GLOBAL_ACCENT_COLOR_NAME = AccentColor;
				CODE_SIGN_STYLE = Automatic;
				CURRENT_PROJECT_VERSION = 1;
				DEVELOPMENT_TEAM = DV2KL8GXVB;
				GENERATE_INFOPLIST_FILE = YES;
				INFOPLIST_FILE = "To-Do-Test/Info.plist";
				INFOPLIST_KEY_UIApplicationSupportsIndirectInputEvents = YES;
				INFOPLIST_KEY_UILaunchStoryboardName = LaunchScreen;
				INFOPLIST_KEY_UIMainStoryboardFile = Main;
				INFOPLIST_KEY_UISupportedInterfaceOrientations_iPad = "UIInterfaceOrientationPortrait UIInterfaceOrientationPortraitUpsideDown UIInterfaceOrientationLandscapeLeft UIInterfaceOrientationLandscapeRight";
				INFOPLIST_KEY_UISupportedInterfaceOrientations_iPhone = "UIInterfaceOrientationPortrait UIInterfaceOrientationLandscapeLeft UIInterfaceOrientationLandscapeRight";
				LD_RUNPATH_SEARCH_PATHS = (
					"$(inherited)",
					"@executable_path/Frameworks",
				);
				MARKETING_VERSION = 1.0;
				PRODUCT_BUNDLE_IDENTIFIER = "com.sloniklm.To-Do-Test";
				PRODUCT_NAME = "$(TARGET_NAME)";
				SWIFT_EMIT_LOC_STRINGS = YES;
				SWIFT_VERSION = 5.0;
				TARGETED_DEVICE_FAMILY = "1,2";
			};
			name = Release;
		};
		84684E7E2D9AB06100011783 /* Debug */ = {
			isa = XCBuildConfiguration;
			buildSettings = {
				ALWAYS_SEARCH_USER_PATHS = NO;
				ASSETCATALOG_COMPILER_GENERATE_SWIFT_ASSET_SYMBOL_EXTENSIONS = YES;
				CLANG_ANALYZER_NONNULL = YES;
				CLANG_ANALYZER_NUMBER_OBJECT_CONVERSION = YES_AGGRESSIVE;
				CLANG_CXX_LANGUAGE_STANDARD = "gnu++20";
				CLANG_ENABLE_MODULES = YES;
				CLANG_ENABLE_OBJC_ARC = YES;
				CLANG_ENABLE_OBJC_WEAK = YES;
				CLANG_WARN_BLOCK_CAPTURE_AUTORELEASING = YES;
				CLANG_WARN_BOOL_CONVERSION = YES;
				CLANG_WARN_COMMA = YES;
				CLANG_WARN_CONSTANT_CONVERSION = YES;
				CLANG_WARN_DEPRECATED_OBJC_IMPLEMENTATIONS = YES;
				CLANG_WARN_DIRECT_OBJC_ISA_USAGE = YES_ERROR;
				CLANG_WARN_DOCUMENTATION_COMMENTS = YES;
				CLANG_WARN_EMPTY_BODY = YES;
				CLANG_WARN_ENUM_CONVERSION = YES;
				CLANG_WARN_INFINITE_RECURSION = YES;
				CLANG_WARN_INT_CONVERSION = YES;
				CLANG_WARN_NON_LITERAL_NULL_CONVERSION = YES;
				CLANG_WARN_OBJC_IMPLICIT_RETAIN_SELF = YES;
				CLANG_WARN_OBJC_LITERAL_CONVERSION = YES;
				CLANG_WARN_OBJC_ROOT_CLASS = YES_ERROR;
				CLANG_WARN_QUOTED_INCLUDE_IN_FRAMEWORK_HEADER = YES;
				CLANG_WARN_RANGE_LOOP_ANALYSIS = YES;
				CLANG_WARN_STRICT_PROTOTYPES = YES;
				CLANG_WARN_SUSPICIOUS_MOVE = YES;
				CLANG_WARN_UNGUARDED_AVAILABILITY = YES_AGGRESSIVE;
				CLANG_WARN_UNREACHABLE_CODE = YES;
				CLANG_WARN__DUPLICATE_METHOD_MATCH = YES;
				COPY_PHASE_STRIP = NO;
				DEBUG_INFORMATION_FORMAT = dwarf;
				ENABLE_STRICT_OBJC_MSGSEND = YES;
				ENABLE_TESTABILITY = YES;
				ENABLE_USER_SCRIPT_SANDBOXING = YES;
				GCC_C_LANGUAGE_STANDARD = gnu17;
				GCC_DYNAMIC_NO_PIC = NO;
				GCC_NO_COMMON_BLOCKS = YES;
				GCC_OPTIMIZATION_LEVEL = 0;
				GCC_PREPROCESSOR_DEFINITIONS = (
					"DEBUG=1",
					"$(inherited)",
				);
				GCC_WARN_64_TO_32_BIT_CONVERSION = YES;
				GCC_WARN_ABOUT_RETURN_TYPE = YES_ERROR;
				GCC_WARN_UNDECLARED_SELECTOR = YES;
				GCC_WARN_UNINITIALIZED_AUTOS = YES_AGGRESSIVE;
				GCC_WARN_UNUSED_FUNCTION = YES;
				GCC_WARN_UNUSED_VARIABLE = YES;
				IPHONEOS_DEPLOYMENT_TARGET = 18.1;
				LOCALIZATION_PREFERS_STRING_CATALOGS = YES;
				MTL_ENABLE_DEBUG_INFO = INCLUDE_SOURCE;
				MTL_FAST_MATH = YES;
				ONLY_ACTIVE_ARCH = YES;
				SDKROOT = iphoneos;
				SWIFT_ACTIVE_COMPILATION_CONDITIONS = "DEBUG $(inherited)";
				SWIFT_OPTIMIZATION_LEVEL = "-Onone";
			};
			name = Debug;
		};
		84684E7F2D9AB06100011783 /* Release */ = {
			isa = XCBuildConfiguration;
			buildSettings = {
				ALWAYS_SEARCH_USER_PATHS = NO;
				ASSETCATALOG_COMPILER_GENERATE_SWIFT_ASSET_SYMBOL_EXTENSIONS = YES;
				CLANG_ANALYZER_NONNULL = YES;
				CLANG_ANALYZER_NUMBER_OBJECT_CONVERSION = YES_AGGRESSIVE;
				CLANG_CXX_LANGUAGE_STANDARD = "gnu++20";
				CLANG_ENABLE_MODULES = YES;
				CLANG_ENABLE_OBJC_ARC = YES;
				CLANG_ENABLE_OBJC_WEAK = YES;
				CLANG_WARN_BLOCK_CAPTURE_AUTORELEASING = YES;
				CLANG_WARN_BOOL_CONVERSION = YES;
				CLANG_WARN_COMMA = YES;
				CLANG_WARN_CONSTANT_CONVERSION = YES;
				CLANG_WARN_DEPRECATED_OBJC_IMPLEMENTATIONS = YES;
				CLANG_WARN_DIRECT_OBJC_ISA_USAGE = YES_ERROR;
				CLANG_WARN_DOCUMENTATION_COMMENTS = YES;
				CLANG_WARN_EMPTY_BODY = YES;
				CLANG_WARN_ENUM_CONVERSION = YES;
				CLANG_WARN_INFINITE_RECURSION = YES;
				CLANG_WARN_INT_CONVERSION = YES;
				CLANG_WARN_NON_LITERAL_NULL_CONVERSION = YES;
				CLANG_WARN_OBJC_IMPLICIT_RETAIN_SELF = YES;
				CLANG_WARN_OBJC_LITERAL_CONVERSION = YES;
				CLANG_WARN_OBJC_ROOT_CLASS = YES_ERROR;
				CLANG_WARN_QUOTED_INCLUDE_IN_FRAMEWORK_HEADER = YES;
				CLANG_WARN_RANGE_LOOP_ANALYSIS = YES;
				CLANG_WARN_STRICT_PROTOTYPES = YES;
				CLANG_WARN_SUSPICIOUS_MOVE = YES;
				CLANG_WARN_UNGUARDED_AVAILABILITY = YES_AGGRESSIVE;
				CLANG_WARN_UNREACHABLE_CODE = YES;
				CLANG_WARN__DUPLICATE_METHOD_MATCH = YES;
				COPY_PHASE_STRIP = NO;
				DEBUG_INFORMATION_FORMAT = "dwarf-with-dsym";
				ENABLE_NS_ASSERTIONS = NO;
				ENABLE_STRICT_OBJC_MSGSEND = YES;
				ENABLE_USER_SCRIPT_SANDBOXING = YES;
				GCC_C_LANGUAGE_STANDARD = gnu17;
				GCC_NO_COMMON_BLOCKS = YES;
				GCC_WARN_64_TO_32_BIT_CONVERSION = YES;
				GCC_WARN_ABOUT_RETURN_TYPE = YES_ERROR;
				GCC_WARN_UNDECLARED_SELECTOR = YES;
				GCC_WARN_UNINITIALIZED_AUTOS = YES_AGGRESSIVE;
				GCC_WARN_UNUSED_FUNCTION = YES;
				GCC_WARN_UNUSED_VARIABLE = YES;
				IPHONEOS_DEPLOYMENT_TARGET = 18.1;
				LOCALIZATION_PREFERS_STRING_CATALOGS = YES;
				MTL_ENABLE_DEBUG_INFO = NO;
				MTL_FAST_MATH = YES;
				SDKROOT = iphoneos;
				SWIFT_COMPILATION_MODE = wholemodule;
				VALIDATE_PRODUCT = YES;
			};
			name = Release;
		};
		84684E812D9AB06100011783 /* Debug */ = {
			isa = XCBuildConfiguration;
			buildSettings = {
				BUNDLE_LOADER = "$(TEST_HOST)";
				CODE_SIGN_STYLE = Automatic;
				CURRENT_PROJECT_VERSION = 1;
				DEVELOPMENT_TEAM = DV2KL8GXVB;
				GENERATE_INFOPLIST_FILE = YES;
				IPHONEOS_DEPLOYMENT_TARGET = 18.1;
				MARKETING_VERSION = 1.0;
				PRODUCT_BUNDLE_IDENTIFIER = "com.sloniklm.To-Do-TestTests";
				PRODUCT_NAME = "$(TARGET_NAME)";
				SWIFT_EMIT_LOC_STRINGS = NO;
				SWIFT_VERSION = 5.0;
				TARGETED_DEVICE_FAMILY = "1,2";
				TEST_HOST = "$(BUILT_PRODUCTS_DIR)/To-Do-Test.app/$(BUNDLE_EXECUTABLE_FOLDER_PATH)/To-Do-Test";
			};
			name = Debug;
		};
		84684E822D9AB06100011783 /* Release */ = {
			isa = XCBuildConfiguration;
			buildSettings = {
				BUNDLE_LOADER = "$(TEST_HOST)";
				CODE_SIGN_STYLE = Automatic;
				CURRENT_PROJECT_VERSION = 1;
				DEVELOPMENT_TEAM = DV2KL8GXVB;
				GENERATE_INFOPLIST_FILE = YES;
				IPHONEOS_DEPLOYMENT_TARGET = 18.1;
				MARKETING_VERSION = 1.0;
				PRODUCT_BUNDLE_IDENTIFIER = "com.sloniklm.To-Do-TestTests";
				PRODUCT_NAME = "$(TARGET_NAME)";
				SWIFT_EMIT_LOC_STRINGS = NO;
				SWIFT_VERSION = 5.0;
				TARGETED_DEVICE_FAMILY = "1,2";
				TEST_HOST = "$(BUILT_PRODUCTS_DIR)/To-Do-Test.app/$(BUNDLE_EXECUTABLE_FOLDER_PATH)/To-Do-Test";
			};
			name = Release;
		};
		84684E842D9AB06100011783 /* Debug */ = {
			isa = XCBuildConfiguration;
			buildSettings = {
				CODE_SIGN_STYLE = Automatic;
				CURRENT_PROJECT_VERSION = 1;
				DEVELOPMENT_TEAM = DV2KL8GXVB;
				GENERATE_INFOPLIST_FILE = YES;
				MARKETING_VERSION = 1.0;
				PRODUCT_BUNDLE_IDENTIFIER = "com.sloniklm.To-Do-TestUITests";
				PRODUCT_NAME = "$(TARGET_NAME)";
				SWIFT_EMIT_LOC_STRINGS = NO;
				SWIFT_VERSION = 5.0;
				TARGETED_DEVICE_FAMILY = "1,2";
				TEST_TARGET_NAME = "To-Do-Test";
			};
			name = Debug;
		};
		84684E852D9AB06100011783 /* Release */ = {
			isa = XCBuildConfiguration;
			buildSettings = {
				CODE_SIGN_STYLE = Automatic;
				CURRENT_PROJECT_VERSION = 1;
				DEVELOPMENT_TEAM = DV2KL8GXVB;
				GENERATE_INFOPLIST_FILE = YES;
				MARKETING_VERSION = 1.0;
				PRODUCT_BUNDLE_IDENTIFIER = "com.sloniklm.To-Do-TestUITests";
				PRODUCT_NAME = "$(TARGET_NAME)";
				SWIFT_EMIT_LOC_STRINGS = NO;
				SWIFT_VERSION = 5.0;
				TARGETED_DEVICE_FAMILY = "1,2";
				TEST_TARGET_NAME = "To-Do-Test";
			};
			name = Release;
		};
/* End XCBuildConfiguration section */

/* Begin XCConfigurationList section */
		84684E4D2D9AB05E00011783 /* Build configuration list for PBXProject "To-Do-Test" */ = {
			isa = XCConfigurationList;
			buildConfigurations = (
				84684E7E2D9AB06100011783 /* Debug */,
				84684E7F2D9AB06100011783 /* Release */,
			);
			defaultConfigurationIsVisible = 0;
			defaultConfigurationName = Release;
		};
		84684E7B2D9AB06100011783 /* Build configuration list for PBXNativeTarget "To-Do-Test" */ = {
			isa = XCConfigurationList;
			buildConfigurations = (
				84684E7C2D9AB06100011783 /* Debug */,
				84684E7D2D9AB06100011783 /* Release */,
			);
			defaultConfigurationIsVisible = 0;
			defaultConfigurationName = Release;
		};
		84684E802D9AB06100011783 /* Build configuration list for PBXNativeTarget "To-Do-TestTests" */ = {
			isa = XCConfigurationList;
			buildConfigurations = (
				84684E812D9AB06100011783 /* Debug */,
				84684E822D9AB06100011783 /* Release */,
			);
			defaultConfigurationIsVisible = 0;
			defaultConfigurationName = Release;
		};
		84684E832D9AB06100011783 /* Build configuration list for PBXNativeTarget "To-Do-TestUITests" */ = {
			isa = XCConfigurationList;
			buildConfigurations = (
				84684E842D9AB06100011783 /* Debug */,
				84684E852D9AB06100011783 /* Release */,
			);
			defaultConfigurationIsVisible = 0;
			defaultConfigurationName = Release;
		};
/* End XCConfigurationList section */
	};
	rootObject = 84684E4A2D9AB05E00011783 /* Project object */;
}
